{
  "requires": true,
  "lockfileVersion": 1,
  "dependencies": {
    "@angular/animations": {
      "version": "8.0.0",
      "resolved": "https://registry.npmjs.org/@angular/animations/-/animations-8.0.0.tgz",
      "integrity": "sha512-hggSRi83rmocLwzrKZtmFcqPdivKSJqp2yiYaiNmJ2yQWJ1JW/Lurypv9H347RWxmwCCwC2kV8embTGbOXIFDQ==",
      "requires": {
        "tslib": "^1.9.0"
      }
    },
    "@angular/cdk": {
      "version": "8.0.0",
      "resolved": "https://registry.npmjs.org/@angular/cdk/-/cdk-8.0.0.tgz",
      "integrity": "sha512-2vsRWEHNARe0iRmqgzvM67gwfRy+aKvdef4Qu9L+ndSsTrrZT3tSgG8SMn1v9SfBHnx5G8mo4d1AMquXG69AuQ==",
      "requires": {
        "parse5": "^5.0.0",
        "tslib": "^1.7.1"
      }
    },
    "@angular/material": {
      "version": "8.0.0",
      "resolved": "https://registry.npmjs.org/@angular/material/-/material-8.0.0.tgz",
      "integrity": "sha512-c7O7GhZd46xF2WB6T/YPam5lJkTgQLdIS53IqwZIFhL427+SEfPvejVzRnVfZCI3NdrKiWt/5VsvtQZwWzlGvw==",
      "requires": {
        "tslib": "^1.7.1"
      }
    },
    "angular-font-awesome": {
      "version": "3.1.2",
      "resolved": "https://registry.npmjs.org/angular-font-awesome/-/angular-font-awesome-3.1.2.tgz",
      "integrity": "sha1-k3hzJhLY6MceDXwvqg+t3H+Fjsk="
    },
    "bootstrap": {
      "version": "4.0.0",
      "resolved": "https://registry.npmjs.org/bootstrap/-/bootstrap-4.0.0.tgz",
      "integrity": "sha512-gulJE5dGFo6Q61V/whS6VM4WIyrlydXfCgkE+Gxe5hjrJ8rXLLZlALq7zq2RPhOc45PSwQpJkrTnc2KgD6cvmA=="
    },
    "font-awesome": {
      "version": "4.7.0",
      "resolved": "https://registry.npmjs.org/font-awesome/-/font-awesome-4.7.0.tgz",
      "integrity": "sha1-j6jPBBGhoxr9B7BtKQK7n8gVoTM="
    },
    "ngx-bootstrap": {
      "version": "4.2.0",
      "resolved": "https://registry.npmjs.org/ngx-bootstrap/-/ngx-bootstrap-4.2.0.tgz",
      "integrity": "sha512-+oqkTiNWgd0IOUI0+DDlBjbdYN40Ymqu5kBgsbfxTnySOVgWfdO4BLbbv5YuKRWNnzkCLECLiL5WWB6WrWmDsA=="
    },
    "parse5": {
      "version": "5.1.0",
      "resolved": "https://registry.npmjs.org/parse5/-/parse5-5.1.0.tgz",
      "integrity": "sha512-fxNG2sQjHvlVAYmzBZS9YlDp6PTSSDwa98vkD4QgVDDCAo84z5X1t5XyJQ62ImdLXx5NdIIfihey6xpum9/gRQ=="
    },
    "popper.js": {
      "version": "1.15.0",
      "resolved": "https://registry.npmjs.org/popper.js/-/popper.js-1.15.0.tgz",
      "integrity": "sha512-w010cY1oCUmI+9KwwlWki+r5jxKfTFDVoadl7MSrIujHU5MJ5OR6HTDj6Xo8aoR/QsA56x8jKjA59qGH4ELtrA=="
    },
    "tslib": {
      "version": "1.9.3",
      "resolved": "https://registry.npmjs.org/tslib/-/tslib-1.9.3.tgz",
      "integrity": "sha512-4krF8scpejhaOgqzBEcGM7yDIEfi0/8+8zDRZhNZZ2kjmHJ4hv3zCbQWxoJGz1iw5U0Jl0nma13xzHXcncMavQ=="
    }
  }
}
